
Microsoft Visual Studio Solution File, Format Version 12.00
# Visual Studio Version 17
VisualStudioVersion = 17.6.33801.468
MinimumVisualStudioVersion = 10.0.40219.1
Project("{9A19103F-16F7-4668-BE54-9A1E7A4F7556}") = "AcmeBank", "AcmeBank\AcmeBank.csproj", "{E52BF824-2E5B-460C-8BD1-717AF9104C28}"
EndProject
Project("{9A19103F-16F7-4668-BE54-9A1E7A4F7556}") = "AcmeLib", "AcmeLib\AcmeLib.csproj", "{63EE6709-61AF-40A6-9D22-BB1B2B090ECE}"
EndProject
Project("{9A19103F-16F7-4668-BE54-9A1E7A4F7556}") = "AcmeTest", "AcmeTest\AcmeTest.csproj", "{86B2852A-CE05-46DA-B6E8-E061C0CCEC0E}"
EndProject
Project("{2150E333-8FDC-42A3-9474-1A3956D46DE8}") = "Solution Items", "Solution Items", "{0096AF72-C865-4B05-803A-839797B41F5D}"
	ProjectSection(SolutionItems) = preProject
		README.md = README.md
	EndProjectSection
EndProject
Project("{FAE04EC0-301F-11D3-BF4B-00C04F79EFBC}") = "AcmeBankApi", "AcmeBankApi\AcmeBankApi.csproj", "{83025417-C29D-4BEC-BA39-22D13CAAECBB}"
EndProject
Project("{FAE04EC0-301F-11D3-BF4B-00C04F79EFBC}") = "AcmeWebApiClient", "AcmeWebApiClient\AcmeWebApiClient.csproj", "{AAAD9133-01FC-4524-91A3-E60A53963175}"
EndProject
Global
	GlobalSection(SolutionConfigurationPlatforms) = preSolution
		Debug|Any CPU = Debug|Any CPU
		Release|Any CPU = Release|Any CPU
	EndGlobalSection
	GlobalSection(ProjectConfigurationPlatforms) = postSolution
		{E52BF824-2E5B-460C-8BD1-717AF9104C28}.Debug|Any CPU.ActiveCfg = Debug|Any CPU
		{E52BF824-2E5B-460C-8BD1-717AF9104C28}.Debug|Any CPU.Build.0 = Debug|Any CPU
		{E52BF824-2E5B-460C-8BD1-717AF9104C28}.Release|Any CPU.ActiveCfg = Release|Any CPU
		{E52BF824-2E5B-460C-8BD1-717AF9104C28}.Release|Any CPU.Build.0 = Release|Any CPU
		{63EE6709-61AF-40A6-9D22-BB1B2B090ECE}.Debug|Any CPU.ActiveCfg = Debug|Any CPU
		{63EE6709-61AF-40A6-9D22-BB1B2B090ECE}.Debug|Any CPU.Build.0 = Debug|Any CPU
		{63EE6709-61AF-40A6-9D22-BB1B2B090ECE}.Release|Any CPU.ActiveCfg = Release|Any CPU
		{63EE6709-61AF-40A6-9D22-BB1B2B090ECE}.Release|Any CPU.Build.0 = Release|Any CPU
		{86B2852A-CE05-46DA-B6E8-E061C0CCEC0E}.Debug|Any CPU.ActiveCfg = Debug|Any CPU
		{86B2852A-CE05-46DA-B6E8-E061C0CCEC0E}.Debug|Any CPU.Build.0 = Debug|Any CPU
		{86B2852A-CE05-46DA-B6E8-E061C0CCEC0E}.Release|Any CPU.ActiveCfg = Release|Any CPU
		{86B2852A-CE05-46DA-B6E8-E061C0CCEC0E}.Release|Any CPU.Build.0 = Release|Any CPU
		{83025417-C29D-4BEC-BA39-22D13CAAECBB}.Debug|Any CPU.ActiveCfg = Debug|Any CPU
		{83025417-C29D-4BEC-BA39-22D13CAAECBB}.Debug|Any CPU.Build.0 = Debug|Any CPU
		{83025417-C29D-4BEC-BA39-22D13CAAECBB}.Release|Any CPU.ActiveCfg = Release|Any CPU
		{83025417-C29D-4BEC-BA39-22D13CAAECBB}.Release|Any CPU.Build.0 = Release|Any CPU
		{AAAD9133-01FC-4524-91A3-E60A53963175}.Debug|Any CPU.ActiveCfg = Debug|Any CPU
		{AAAD9133-01FC-4524-91A3-E60A53963175}.Debug|Any CPU.Build.0 = Debug|Any CPU
		{AAAD9133-01FC-4524-91A3-E60A53963175}.Release|Any CPU.ActiveCfg = Release|Any CPU
		{AAAD9133-01FC-4524-91A3-E60A53963175}.Release|Any CPU.Build.0 = Release|Any CPU
	EndGlobalSection
	GlobalSection(SolutionProperties) = preSolution
		HideSolutionNode = FALSE
	EndGlobalSection
	GlobalSection(ExtensibilityGlobals) = postSolution
		SolutionGuid = {25145134-6F1D-49AE-85DF-17702DD7231C}
	EndGlobalSection
EndGlobal
